
Microsoft Visual Studio Solution File, Format Version 12.00
# Visual Studio Version 17
VisualStudioVersion = 17.14.36401.2 d17.14
MinimumVisualStudioVersion = 10.0.40219.1
Project("{FAE04EC0-301F-11D3-BF4B-00C04F79EFBC}") = "BookStation.API", "BookStation.API\BookStation.API.csproj", "{F07AD44E-4114-4BD0-B879-798BF5EFB860}"
EndProject
Global
	GlobalSection(SolutionConfigurationPlatforms) = preSolution
		Debug|Any CPU = Debug|Any CPU
		Release|Any CPU = Release|Any CPU
	EndGlobalSection
	GlobalSection(ProjectConfigurationPlatforms) = postSolution
		{F07AD44E-4114-4BD0-B879-798BF5EFB860}.Debug|Any CPU.ActiveCfg = Debug|Any CPU
		{F07AD44E-4114-4BD0-B879-798BF5EFB860}.Debug|Any CPU.Build.0 = Debug|Any CPU
		{F07AD44E-4114-4BD0-B879-798BF5EFB860}.Release|Any CPU.ActiveCfg = Release|Any CPU
		{F07AD44E-4114-4BD0-B879-798BF5EFB860}.Release|Any CPU.Build.0 = Release|Any CPU
	EndGlobalSection
	GlobalSection(SolutionProperties) = preSolution
		HideSolutionNode = FALSE
	EndGlobalSection
	GlobalSection(ExtensibilityGlobals) = postSolution
		SolutionGuid = {3957A3C9-C8C9-4CE6-AD5A-C910BF5707D6}
	EndGlobalSection
EndGlobal
